PODS:
  - freetype (2.6.4)
  - libpng (1.6.18)
  - lzma (5.2.4)
  - lzo2 (2.10)

DEPENDENCIES:
  - freetype
  - libpng
  - lzma (from `lzma.podspec`)
  - lzo2 (from `lzo2.podspec`)

SPEC REPOS:
  https://github.com/cocoapods/specs.git:
    - freetype
    - libpng

EXTERNAL SOURCES:
  lzma:
    :podspec: lzma.podspec
  lzo2:
    :podspec: lzo2.podspec

SPEC CHECKSUMS:
  freetype: f1607aa45440e7cc17c85c32e901f32b7b801fad
  libpng: 9c661ee692282485a9cf7fcf0159458c91b4f943
  lzma: 5c55244a598405ec3fff9466d0a66a298d8b0b4d
  lzo2: 9f56cc51729cb97f53d7aec2ad95b57cabc50e57

PODFILE CHECKSUM: 816efec7b3160017c36dc787a138ff8657bc4fc0

COCOAPODS: 1.5.3
